
Microsoft Visual Studio Solution File, Format Version 12.00
# Visual Studio Version 17
VisualStudioVersion = 17.12.35707.178
MinimumVisualStudioVersion = 10.0.40219.1
Project("{FAE04EC0-301F-11D3-BF4B-00C04F79EFBC}") = "TaskAPI1_1_YAGNI_KISS_DRY", "TaskAPI1_1_YAGNI_KISS_DRY\TaskAPI1_1_YAGNI_KISS_DRY.csproj", "{9D3701A2-1D7F-4870-B35F-13512FD070CF}"
EndProject
Project("{FAE04EC0-301F-11D3-BF4B-00C04F79EFBC}") = "TaskAPI2_1_SOLID", "TaskAPI2_1_SOLID\TaskAPI2_1_SOLID.csproj", "{CBF81490-1992-48A0-AD64-515179FF29D1}"
EndProject
Project("{FAE04EC0-301F-11D3-BF4B-00C04F79EFBC}") = "TaskAPI7_1_Solids", "TaskAPI7_1_Solids\TaskAPI7_1_Solids.csproj", "{B81C08D6-E35B-4A66-9617-C5FC97E42C38}"
EndProject
Project("{FAE04EC0-301F-11D3-BF4B-00C04F79EFBC}") = "TaskAPI5_1_Selections", "TaskAPI5_1_Selections\TaskAPI5_1_Selections.csproj", "{B7453E85-D97B-40F5-8E16-C0217FBEF784}"
EndProject
Project("{FAE04EC0-301F-11D3-BF4B-00C04F79EFBC}") = "TaskAPI4_WallStatistics", "TaskAPI4_WallStatistics\TaskAPI4_WallStatistics.csproj", "{E4D09354-34BD-4069-8BCD-B11345F29052}"
EndProject
Project("{FAE04EC0-301F-11D3-BF4B-00C04F79EFBC}") = "TaskAPI3_1_Sample", "TaskAPI3_1_Sample\TaskAPI3_1_Sample.csproj", "{7E9ED9E6-CE94-4F6F-8B5A-A94492AE6D27}"
EndProject
Project("{FAE04EC0-301F-11D3-BF4B-00C04F79EFBC}") = "TaskAPI6_1_WallDistance", "TaskAPI6_1_WallDistance\TaskAPI6_1_WallDistance.csproj", "{CC5C6388-C10F-46AE-9C60-AC7CE8250177}"
EndProject
Project("{FAE04EC0-301F-11D3-BF4B-00C04F79EFBC}") = "TaskAPI9_1_Sections", "TaskAPI9_1_Sections\TaskAPI9_1_Sections.csproj", "{0F5075B4-9141-4666-8F64-2B8F3587DD9A}"
EndProject
Global
	GlobalSection(SolutionConfigurationPlatforms) = preSolution
		Debug|Any CPU = Debug|Any CPU
		Release|Any CPU = Release|Any CPU
	EndGlobalSection
	GlobalSection(ProjectConfigurationPlatforms) = postSolution
		{9D3701A2-1D7F-4870-B35F-13512FD070CF}.Debug|Any CPU.ActiveCfg = Debug|Any CPU
		{9D3701A2-1D7F-4870-B35F-13512FD070CF}.Debug|Any CPU.Build.0 = Debug|Any CPU
		{9D3701A2-1D7F-4870-B35F-13512FD070CF}.Release|Any CPU.ActiveCfg = Release|Any CPU
		{9D3701A2-1D7F-4870-B35F-13512FD070CF}.Release|Any CPU.Build.0 = Release|Any CPU
		{CBF81490-1992-48A0-AD64-515179FF29D1}.Debug|Any CPU.ActiveCfg = Debug|Any CPU
		{CBF81490-1992-48A0-AD64-515179FF29D1}.Debug|Any CPU.Build.0 = Debug|Any CPU
		{CBF81490-1992-48A0-AD64-515179FF29D1}.Release|Any CPU.ActiveCfg = Release|Any CPU
		{CBF81490-1992-48A0-AD64-515179FF29D1}.Release|Any CPU.Build.0 = Release|Any CPU
		{B81C08D6-E35B-4A66-9617-C5FC97E42C38}.Debug|Any CPU.ActiveCfg = Debug|Any CPU
		{B81C08D6-E35B-4A66-9617-C5FC97E42C38}.Debug|Any CPU.Build.0 = Debug|Any CPU
		{B81C08D6-E35B-4A66-9617-C5FC97E42C38}.Release|Any CPU.ActiveCfg = Release|Any CPU
		{B81C08D6-E35B-4A66-9617-C5FC97E42C38}.Release|Any CPU.Build.0 = Release|Any CPU
		{B7453E85-D97B-40F5-8E16-C0217FBEF784}.Debug|Any CPU.ActiveCfg = Debug|Any CPU
		{B7453E85-D97B-40F5-8E16-C0217FBEF784}.Debug|Any CPU.Build.0 = Debug|Any CPU
		{B7453E85-D97B-40F5-8E16-C0217FBEF784}.Release|Any CPU.ActiveCfg = Release|Any CPU
		{B7453E85-D97B-40F5-8E16-C0217FBEF784}.Release|Any CPU.Build.0 = Release|Any CPU
		{E4D09354-34BD-4069-8BCD-B11345F29052}.Debug|Any CPU.ActiveCfg = Debug|Any CPU
		{E4D09354-34BD-4069-8BCD-B11345F29052}.Debug|Any CPU.Build.0 = Debug|Any CPU
		{E4D09354-34BD-4069-8BCD-B11345F29052}.Release|Any CPU.ActiveCfg = Release|Any CPU
		{E4D09354-34BD-4069-8BCD-B11345F29052}.Release|Any CPU.Build.0 = Release|Any CPU
		{7E9ED9E6-CE94-4F6F-8B5A-A94492AE6D27}.Debug|Any CPU.ActiveCfg = Debug|Any CPU
		{7E9ED9E6-CE94-4F6F-8B5A-A94492AE6D27}.Debug|Any CPU.Build.0 = Debug|Any CPU
		{7E9ED9E6-CE94-4F6F-8B5A-A94492AE6D27}.Release|Any CPU.ActiveCfg = Release|Any CPU
		{7E9ED9E6-CE94-4F6F-8B5A-A94492AE6D27}.Release|Any CPU.Build.0 = Release|Any CPU
		{CC5C6388-C10F-46AE-9C60-AC7CE8250177}.Debug|Any CPU.ActiveCfg = Debug|Any CPU
		{CC5C6388-C10F-46AE-9C60-AC7CE8250177}.Debug|Any CPU.Build.0 = Debug|Any CPU
		{CC5C6388-C10F-46AE-9C60-AC7CE8250177}.Release|Any CPU.ActiveCfg = Release|Any CPU
		{CC5C6388-C10F-46AE-9C60-AC7CE8250177}.Release|Any CPU.Build.0 = Release|Any CPU
		{0F5075B4-9141-4666-8F64-2B8F3587DD9A}.Debug|Any CPU.ActiveCfg = Debug|Any CPU
		{0F5075B4-9141-4666-8F64-2B8F3587DD9A}.Debug|Any CPU.Build.0 = Debug|Any CPU
		{0F5075B4-9141-4666-8F64-2B8F3587DD9A}.Release|Any CPU.ActiveCfg = Release|Any CPU
		{0F5075B4-9141-4666-8F64-2B8F3587DD9A}.Release|Any CPU.Build.0 = Release|Any CPU
	EndGlobalSection
	GlobalSection(SolutionProperties) = preSolution
		HideSolutionNode = FALSE
	EndGlobalSection
	GlobalSection(ExtensibilityGlobals) = postSolution
		SolutionGuid = {B258FFD1-5A57-44A9-AD3C-3FD8A0FFE6DE}
	EndGlobalSection
EndGlobal
