
Microsoft Visual Studio Solution File, Format Version 12.00
# Visual Studio Version 17
VisualStudioVersion = 17.12.35707.178
MinimumVisualStudioVersion = 10.0.40219.1
Project("{FAE04EC0-301F-11D3-BF4B-00C04F79EFBC}") = "TaskAPI1_1_YAGNI_KISS_DRY", "TaskAPI1_1_YAGNI_KISS_DRY\TaskAPI1_1_YAGNI_KISS_DRY.csproj", "{9D3701A2-1D7F-4870-B35F-13512FD070CF}"
EndProject
Project("{FAE04EC0-301F-11D3-BF4B-00C04F79EFBC}") = "TaskAPI2_1_SOLID", "TaskAPI2_1_SOLID\TaskAPI2_1_SOLID.csproj", "{CBF81490-1992-48A0-AD64-515179FF29D1}"
EndProject
Project("{FAE04EC0-301F-11D3-BF4B-00C04F79EFBC}") = "TaskAPI7_1_Solids", "TaskAPI7_1_Solids\TaskAPI7_1_Solids.csproj", "{B81C08D6-E35B-4A66-9617-C5FC97E42C38}"
EndProject
Global
	GlobalSection(SolutionConfigurationPlatforms) = preSolution
		Debug|Any CPU = Debug|Any CPU
		Release|Any CPU = Release|Any CPU
	EndGlobalSection
	GlobalSection(ProjectConfigurationPlatforms) = postSolution
		{9D3701A2-1D7F-4870-B35F-13512FD070CF}.Debug|Any CPU.ActiveCfg = Debug|Any CPU
		{9D3701A2-1D7F-4870-B35F-13512FD070CF}.Debug|Any CPU.Build.0 = Debug|Any CPU
		{9D3701A2-1D7F-4870-B35F-13512FD070CF}.Release|Any CPU.ActiveCfg = Release|Any CPU
		{9D3701A2-1D7F-4870-B35F-13512FD070CF}.Release|Any CPU.Build.0 = Release|Any CPU
		{CBF81490-1992-48A0-AD64-515179FF29D1}.Debug|Any CPU.ActiveCfg = Debug|Any CPU
		{CBF81490-1992-48A0-AD64-515179FF29D1}.Debug|Any CPU.Build.0 = Debug|Any CPU
		{CBF81490-1992-48A0-AD64-515179FF29D1}.Release|Any CPU.ActiveCfg = Release|Any CPU
		{CBF81490-1992-48A0-AD64-515179FF29D1}.Release|Any CPU.Build.0 = Release|Any CPU
		{B81C08D6-E35B-4A66-9617-C5FC97E42C38}.Debug|Any CPU.ActiveCfg = Debug|Any CPU
		{B81C08D6-E35B-4A66-9617-C5FC97E42C38}.Debug|Any CPU.Build.0 = Debug|Any CPU
		{B81C08D6-E35B-4A66-9617-C5FC97E42C38}.Release|Any CPU.ActiveCfg = Release|Any CPU
		{B81C08D6-E35B-4A66-9617-C5FC97E42C38}.Release|Any CPU.Build.0 = Release|Any CPU
	EndGlobalSection
	GlobalSection(SolutionProperties) = preSolution
		HideSolutionNode = FALSE
	EndGlobalSection
	GlobalSection(ExtensibilityGlobals) = postSolution
		SolutionGuid = {427346F9-4955-45F3-B6C1-46BEE2166355}
	EndGlobalSection
EndGlobal
